
Microsoft Visual Studio Solution File, Format Version 12.00
# Visual Studio Version 17
VisualStudioVersion = 17.4.33205.214
MinimumVisualStudioVersion = 10.0.40219.1
Project("{8BC9CEB8-8B4A-11D0-8D11-00A0C91BC942}") = "Project1", "Project1\Project1.vcxproj", "{31FB7EFA-32C5-449C-8CEE-49CE3A2E953B}"
EndProject
Global
	GlobalSection(SolutionConfigurationPlatforms) = preSolution
		Debug|x64 = Debug|x64
		Debug|x86 = Debug|x86
		Release|x64 = Release|x64
		Release|x86 = Release|x86
	EndGlobalSection
	GlobalSection(ProjectConfigurationPlatforms) = postSolution
		{31FB7EFA-32C5-449C-8CEE-49CE3A2E953B}.Debug|x64.ActiveCfg = Debug|x64
		{31FB7EFA-32C5-449C-8CEE-49CE3A2E953B}.Debug|x64.Build.0 = Debug|x64
		{31FB7EFA-32C5-449C-8CEE-49CE3A2E953B}.Debug|x86.ActiveCfg = Debug|Win32
		{31FB7EFA-32C5-449C-8CEE-49CE3A2E953B}.Debug|x86.Build.0 = Debug|Win32
		{31FB7EFA-32C5-449C-8CEE-49CE3A2E953B}.Release|x64.ActiveCfg = Release|x64
		{31FB7EFA-32C5-449C-8CEE-49CE3A2E953B}.Release|x64.Build.0 = Release|x64
		{31FB7EFA-32C5-449C-8CEE-49CE3A2E953B}.Release|x86.ActiveCfg = Release|Win32
		{31FB7EFA-32C5-449C-8CEE-49CE3A2E953B}.Release|x86.Build.0 = Release|Win32
	EndGlobalSection
	GlobalSection(SolutionProperties) = preSolution
		HideSolutionNode = FALSE
	EndGlobalSection
	GlobalSection(ExtensibilityGlobals) = postSolution
		SolutionGuid = {7A1ED7AB-9C71-4C98-9517-A6C248D5D377}
	EndGlobalSection
EndGlobal
