
Microsoft Visual Studio Solution File, Format Version 12.00
# Visual Studio 2013
VisualStudioVersion = 12.0.21005.1
MinimumVisualStudioVersion = 10.0.40219.1
Project("{8BC9CEB8-8B4A-11D0-8D11-00A0C91BC942}") = "Day-04", "Day-04\Day-04.vcxproj", "{07A0FDA5-9491-4454-A9B8-9E8F8AC5575C}"
EndProject
Global
	GlobalSection(SolutionConfigurationPlatforms) = preSolution
		Debug|Win32 = Debug|Win32
		Release|Win32 = Release|Win32
	EndGlobalSection
	GlobalSection(ProjectConfigurationPlatforms) = postSolution
		{07A0FDA5-9491-4454-A9B8-9E8F8AC5575C}.Debug|Win32.ActiveCfg = Debug|Win32
		{07A0FDA5-9491-4454-A9B8-9E8F8AC5575C}.Debug|Win32.Build.0 = Debug|Win32
		{07A0FDA5-9491-4454-A9B8-9E8F8AC5575C}.Release|Win32.ActiveCfg = Release|Win32
		{07A0FDA5-9491-4454-A9B8-9E8F8AC5575C}.Release|Win32.Build.0 = Release|Win32
	EndGlobalSection
	GlobalSection(SolutionProperties) = preSolution
		HideSolutionNode = FALSE
	EndGlobalSection
EndGlobal
